
Microsoft Visual Studio Solution File, Format Version 12.00
# Visual Studio Version 16
VisualStudioVersion = 16.0.32413.511
MinimumVisualStudioVersion = 10.0.40219.1
Project("{FAE04EC0-301F-11D3-BF4B-00C04F79EFBC}") = "EscrituraByte", "EscrituraByte.csproj", "{2DE0BF45-1D00-4383-A4A3-B9D2FE0E4545}"
EndProject
Global
	GlobalSection(SolutionConfigurationPlatforms) = preSolution
		Debug|Any CPU = Debug|Any CPU
		Release|Any CPU = Release|Any CPU
	EndGlobalSection
	GlobalSection(ProjectConfigurationPlatforms) = postSolution
		{2DE0BF45-1D00-4383-A4A3-B9D2FE0E4545}.Debug|Any CPU.ActiveCfg = Debug|Any CPU
		{2DE0BF45-1D00-4383-A4A3-B9D2FE0E4545}.Debug|Any CPU.Build.0 = Debug|Any CPU
		{2DE0BF45-1D00-4383-A4A3-B9D2FE0E4545}.Release|Any CPU.ActiveCfg = Release|Any CPU
		{2DE0BF45-1D00-4383-A4A3-B9D2FE0E4545}.Release|Any CPU.Build.0 = Release|Any CPU
	EndGlobalSection
	GlobalSection(SolutionProperties) = preSolution
		HideSolutionNode = FALSE
	EndGlobalSection
	GlobalSection(ExtensibilityGlobals) = postSolution
		SolutionGuid = {B4945048-EAC0-46AE-8DE4-6FCCDF491CFE}
	EndGlobalSection
EndGlobal
